
Microsoft Visual Studio Solution File, Format Version 12.00
# Visual Studio Version 16
VisualStudioVersion = 16.0.31727.386
MinimumVisualStudioVersion = 10.0.40219.1
Project("{FAE04EC0-301F-11D3-BF4B-00C04F79EFBC}") = "SpinLockExp", "SpinLockExp\SpinLockExp.csproj", "{ABBBC1BE-0F91-42F4-AEC9-12C8F706F334}"
EndProject
Global
	GlobalSection(SolutionConfigurationPlatforms) = preSolution
		Debug|Any CPU = Debug|Any CPU
		Release|Any CPU = Release|Any CPU
	EndGlobalSection
	GlobalSection(ProjectConfigurationPlatforms) = postSolution
		{ABBBC1BE-0F91-42F4-AEC9-12C8F706F334}.Debug|Any CPU.ActiveCfg = Debug|Any CPU
		{ABBBC1BE-0F91-42F4-AEC9-12C8F706F334}.Debug|Any CPU.Build.0 = Debug|Any CPU
		{ABBBC1BE-0F91-42F4-AEC9-12C8F706F334}.Release|Any CPU.ActiveCfg = Release|Any CPU
		{ABBBC1BE-0F91-42F4-AEC9-12C8F706F334}.Release|Any CPU.Build.0 = Release|Any CPU
	EndGlobalSection
	GlobalSection(SolutionProperties) = preSolution
		HideSolutionNode = FALSE
	EndGlobalSection
	GlobalSection(ExtensibilityGlobals) = postSolution
		SolutionGuid = {1E22D694-86A1-4F98-A984-0F3549EAEDA5}
	EndGlobalSection
EndGlobal
